
Microsoft Visual Studio Solution File, Format Version 12.00
# Visual Studio Version 17
VisualStudioVersion = 17.14.37111.16 d17.14
MinimumVisualStudioVersion = 10.0.40219.1
Project("{FAE04EC0-301F-11D3-BF4B-00C04F79EFBC}") = "PolymarketDataPipeline", "PolymarketDataPipeline\PolymarketDataPipeline.csproj", "{DF9FA41E-B155-479F-BBCB-DCCC9259874C}"
EndProject
Global
	GlobalSection(SolutionConfigurationPlatforms) = preSolution
		Debug|Any CPU = Debug|Any CPU
		Release|Any CPU = Release|Any CPU
	EndGlobalSection
	GlobalSection(ProjectConfigurationPlatforms) = postSolution
		{DF9FA41E-B155-479F-BBCB-DCCC9259874C}.Debug|Any CPU.ActiveCfg = Debug|Any CPU
		{DF9FA41E-B155-479F-BBCB-DCCC9259874C}.Debug|Any CPU.Build.0 = Debug|Any CPU
		{DF9FA41E-B155-479F-BBCB-DCCC9259874C}.Release|Any CPU.ActiveCfg = Release|Any CPU
		{DF9FA41E-B155-479F-BBCB-DCCC9259874C}.Release|Any CPU.Build.0 = Release|Any CPU
	EndGlobalSection
	GlobalSection(SolutionProperties) = preSolution
		HideSolutionNode = FALSE
	EndGlobalSection
	GlobalSection(ExtensibilityGlobals) = postSolution
		SolutionGuid = {2D2342B6-5F10-4FCE-ACB3-59D86EA83C9C}
	EndGlobalSection
EndGlobal
